
Microsoft Visual Studio Solution File, Format Version 12.00
# Visual Studio Version 17
VisualStudioVersion = 17.12.35506.116
MinimumVisualStudioVersion = 10.0.40219.1
Project("{2150E333-8FDC-42A3-9474-1A3956D46DE8}") = "src", "src", "{7E0F9518-FCFC-46D6-9809-F0A654E677CC}"
EndProject
Project("{2150E333-8FDC-42A3-9474-1A3956D46DE8}") = "tests", "tests", "{82FB3918-BF0F-4F25-8B70-ECBA734C3655}"
EndProject
Project("{2150E333-8FDC-42A3-9474-1A3956D46DE8}") = "Backend", "Backend", "{F3C29BC5-2071-4A0E-B046-6DCB0E5F4F56}"
EndProject
Project("{2150E333-8FDC-42A3-9474-1A3956D46DE8}") = "Shared", "Shared", "{1B5BE8E2-5543-4685-8F45-7D1174B54C01}"
EndProject
Project("{FAE04EC0-301F-11D3-BF4B-00C04F79EFBC}") = "MyRecipeBook.API", "src\Backend\MyRecipeBook.API\MyRecipeBook.API.csproj", "{226E3C72-1A9E-4F4D-A298-76A96B089BE1}"
EndProject
Project("{FAE04EC0-301F-11D3-BF4B-00C04F79EFBC}") = "MyRecipeBook.Application", "src\Backend\MyRecipeBook.Application\MyRecipeBook.Application.csproj", "{62695AD9-4D60-44CB-9B29-80CD78071A66}"
EndProject
Project("{FAE04EC0-301F-11D3-BF4B-00C04F79EFBC}") = "MyRecipeBook.Domain", "src\Backend\MyRecipeBook.Domain\MyRecipeBook.Domain.csproj", "{31EF94AB-57D9-449A-A979-405CB05646D2}"
EndProject
Project("{FAE04EC0-301F-11D3-BF4B-00C04F79EFBC}") = "MyRecipeBook.Infrastructure", "src\Backend\MyRecipeBook.Infrastructure\MyRecipeBook.Infrastructure.csproj", "{6CE9EC6B-3779-4CCD-9B80-DE98BF25578E}"
EndProject
Project("{FAE04EC0-301F-11D3-BF4B-00C04F79EFBC}") = "MyRecipeBook.Communication", "src\Shared\MyRecipeBook.Communication\MyRecipeBook.Communication.csproj", "{AF7D56D4-469D-42BB-AC83-4D18CC15295C}"
EndProject
Project("{FAE04EC0-301F-11D3-BF4B-00C04F79EFBC}") = "MyRecipeBook.Exceptions", "src\Shared\MyRecipeBook.Exceptions\MyRecipeBook.Exceptions.csproj", "{ABC99749-8111-4AB4-A9C7-8C2482731871}"
EndProject
Global
	GlobalSection(SolutionConfigurationPlatforms) = preSolution
		Debug|Any CPU = Debug|Any CPU
		Release|Any CPU = Release|Any CPU
	EndGlobalSection
	GlobalSection(ProjectConfigurationPlatforms) = postSolution
		{226E3C72-1A9E-4F4D-A298-76A96B089BE1}.Debug|Any CPU.ActiveCfg = Debug|Any CPU
		{226E3C72-1A9E-4F4D-A298-76A96B089BE1}.Debug|Any CPU.Build.0 = Debug|Any CPU
		{226E3C72-1A9E-4F4D-A298-76A96B089BE1}.Release|Any CPU.ActiveCfg = Release|Any CPU
		{226E3C72-1A9E-4F4D-A298-76A96B089BE1}.Release|Any CPU.Build.0 = Release|Any CPU
		{62695AD9-4D60-44CB-9B29-80CD78071A66}.Debug|Any CPU.ActiveCfg = Debug|Any CPU
		{62695AD9-4D60-44CB-9B29-80CD78071A66}.Debug|Any CPU.Build.0 = Debug|Any CPU
		{62695AD9-4D60-44CB-9B29-80CD78071A66}.Release|Any CPU.ActiveCfg = Release|Any CPU
		{62695AD9-4D60-44CB-9B29-80CD78071A66}.Release|Any CPU.Build.0 = Release|Any CPU
		{31EF94AB-57D9-449A-A979-405CB05646D2}.Debug|Any CPU.ActiveCfg = Debug|Any CPU
		{31EF94AB-57D9-449A-A979-405CB05646D2}.Debug|Any CPU.Build.0 = Debug|Any CPU
		{31EF94AB-57D9-449A-A979-405CB05646D2}.Release|Any CPU.ActiveCfg = Release|Any CPU
		{31EF94AB-57D9-449A-A979-405CB05646D2}.Release|Any CPU.Build.0 = Release|Any CPU
		{6CE9EC6B-3779-4CCD-9B80-DE98BF25578E}.Debug|Any CPU.ActiveCfg = Debug|Any CPU
		{6CE9EC6B-3779-4CCD-9B80-DE98BF25578E}.Debug|Any CPU.Build.0 = Debug|Any CPU
		{6CE9EC6B-3779-4CCD-9B80-DE98BF25578E}.Release|Any CPU.ActiveCfg = Release|Any CPU
		{6CE9EC6B-3779-4CCD-9B80-DE98BF25578E}.Release|Any CPU.Build.0 = Release|Any CPU
		{AF7D56D4-469D-42BB-AC83-4D18CC15295C}.Debug|Any CPU.ActiveCfg = Debug|Any CPU
		{AF7D56D4-469D-42BB-AC83-4D18CC15295C}.Debug|Any CPU.Build.0 = Debug|Any CPU
		{AF7D56D4-469D-42BB-AC83-4D18CC15295C}.Release|Any CPU.ActiveCfg = Release|Any CPU
		{AF7D56D4-469D-42BB-AC83-4D18CC15295C}.Release|Any CPU.Build.0 = Release|Any CPU
		{ABC99749-8111-4AB4-A9C7-8C2482731871}.Debug|Any CPU.ActiveCfg = Debug|Any CPU
		{ABC99749-8111-4AB4-A9C7-8C2482731871}.Debug|Any CPU.Build.0 = Debug|Any CPU
		{ABC99749-8111-4AB4-A9C7-8C2482731871}.Release|Any CPU.ActiveCfg = Release|Any CPU
		{ABC99749-8111-4AB4-A9C7-8C2482731871}.Release|Any CPU.Build.0 = Release|Any CPU
	EndGlobalSection
	GlobalSection(SolutionProperties) = preSolution
		HideSolutionNode = FALSE
	EndGlobalSection
	GlobalSection(NestedProjects) = preSolution
		{F3C29BC5-2071-4A0E-B046-6DCB0E5F4F56} = {7E0F9518-FCFC-46D6-9809-F0A654E677CC}
		{1B5BE8E2-5543-4685-8F45-7D1174B54C01} = {7E0F9518-FCFC-46D6-9809-F0A654E677CC}
		{226E3C72-1A9E-4F4D-A298-76A96B089BE1} = {F3C29BC5-2071-4A0E-B046-6DCB0E5F4F56}
		{62695AD9-4D60-44CB-9B29-80CD78071A66} = {F3C29BC5-2071-4A0E-B046-6DCB0E5F4F56}
		{31EF94AB-57D9-449A-A979-405CB05646D2} = {F3C29BC5-2071-4A0E-B046-6DCB0E5F4F56}
		{6CE9EC6B-3779-4CCD-9B80-DE98BF25578E} = {F3C29BC5-2071-4A0E-B046-6DCB0E5F4F56}
		{AF7D56D4-469D-42BB-AC83-4D18CC15295C} = {1B5BE8E2-5543-4685-8F45-7D1174B54C01}
		{ABC99749-8111-4AB4-A9C7-8C2482731871} = {1B5BE8E2-5543-4685-8F45-7D1174B54C01}
	EndGlobalSection
EndGlobal
